{
  "name": "wikiki.github.io",
  "version": "0.6.4",
  "lockfileVersion": 1,
  "requires": true,
  "dependencies": {
    "bulma": {
      "version": "0.7.1",
      "resolved": "https://registry.npmjs.org/bulma/-/bulma-0.7.1.tgz",
      "integrity": "sha512-wRSO2LXB+qI9Pyz2id+uZr4quz5aftSN7Ay1ysr1+krzVp3utD+Ci4CeKuZdrYGc800t65b7heXBL6qw2Wo/lQ==",
      "dev": true
    },
    "bulma-extensions": {
      "version": "2.1.3",
      "resolved": "https://registry.npmjs.org/bulma-extensions/-/bulma-extensions-2.1.3.tgz",
      "integrity": "sha512-3UCv32OL7wcRxHvLGLIK9e64vmdafMZm80Dy4GRJPIfSn8I1/+4ZBh6bxXV8pA4HpaMYsG12kRqaWaoumMtzOA==",
      "dev": true
    }
  }
}
