{
  "name": "wikiki.github.io",
  "version": "0.6.4",
  "lockfileVersion": 1,
  "requires": true,
  "dependencies": {
    "bulma": {
      "version": "0.7.5",
      "resolved": "https://registry.npmjs.org/bulma/-/bulma-0.7.5.tgz",
      "integrity": "sha512-cX98TIn0I6sKba/DhW0FBjtaDpxTelU166pf7ICXpCCuplHWyu6C9LYZmL5PEsnePIeJaiorsTEzzNk3Tsm1hw==",
      "dev": true
    },
    "bulma-accordion": {
      "version": "2.0.1",
      "resolved": "https://registry.npmjs.org/bulma-accordion/-/bulma-accordion-2.0.1.tgz",
      "integrity": "sha512-qqLN67Y60c0adHAVvQmJTr6rhg0FWUCWbswFaW/3+offjc6ujqrUoIdlzX1avni4d/aJEl7j9PckfRGmIJcxxQ==",
      "dev": true
    },
    "bulma-badge": {
      "version": "3.0.1",
      "resolved": "https://registry.npmjs.org/bulma-badge/-/bulma-badge-3.0.1.tgz",
      "integrity": "sha512-owRTbInXkpsSrFSvCXyWMNyjcQXr7j3Vj4aSnKYISalcmYqql/YVC7e82M/MXFQG8J66ak5VvIu6dCrdAiQUtQ==",
      "dev": true,
      "requires": {
        "bulma": "^0.8.0"
      },
      "dependencies": {
        "bulma": {
          "version": "0.8.0",
          "resolved": "https://registry.npmjs.org/bulma/-/bulma-0.8.0.tgz",
          "integrity": "sha512-nhf3rGyiZh/VM7FrSJ/5KeLlfaFkXz0nYcXriynfPH4vVpnxnqyEwaNGdNCVzHyyCA3cHgkQAMpdF/SFbFGZfA==",
          "dev": true
        }
      }
    },
    "bulma-calendar": {
      "version": "6.0.7",
      "resolved": "https://registry.npmjs.org/bulma-calendar/-/bulma-calendar-6.0.7.tgz",
      "integrity": "sha512-hSb8Y8myovv0e0SIPLVPZGtaGIzL/6SkZM3JiK9OaqjcCZFtYYjBaYCpLstn93J95+46sf8KU9LHIxU4o+b1kg==",
      "dev": true,
      "requires": {
        "bulma": "^0.8.0",
        "date-and-time": "^0.6.3",
        "date-fns": "^1.29.0"
      },
      "dependencies": {
        "bulma": {
          "version": "0.8.0",
          "resolved": "https://registry.npmjs.org/bulma/-/bulma-0.8.0.tgz",
          "integrity": "sha512-nhf3rGyiZh/VM7FrSJ/5KeLlfaFkXz0nYcXriynfPH4vVpnxnqyEwaNGdNCVzHyyCA3cHgkQAMpdF/SFbFGZfA==",
          "dev": true
        }
      }
    },
    "bulma-carousel": {
      "version": "4.0.4",
      "resolved": "https://registry.npmjs.org/bulma-carousel/-/bulma-carousel-4.0.4.tgz",
      "integrity": "sha512-fxARvrPZ0meiVMkxI1ayK2RBd9YUNPc7FFnDpD+SgPnQdZgW+VAvHM8YdR3BJfnmR9lNWNqfKR/hk7Ko0GP2tA==",
      "dev": true
    },
    "bulma-checkradio": {
      "version": "1.1.1",
      "resolved": "https://registry.npmjs.org/bulma-checkradio/-/bulma-checkradio-1.1.1.tgz",
      "integrity": "sha512-6Wn2faBiFkctSeiaQkeU2MbjkQeuXsN4AthBDEKrHGGPl5wmV2GEj4iZCqzvw7Te7baaHdU8PbUgrmlD5D6oGA==",
      "dev": true
    },
    "bulma-divider": {
      "version": "0.2.0",
      "resolved": "https://registry.npmjs.org/bulma-divider/-/bulma-divider-0.2.0.tgz",
      "integrity": "sha512-REe3k56GECRfDaqFjC8cwLhV4RxXmV0RubuzDJqwior9wlJcdHlN0qfW0tvUX+qphikaTQegIeRuhjRIAqkjkw==",
      "dev": true
    },
    "bulma-iconpicker": {
      "version": "2.1.0",
      "resolved": "https://registry.npmjs.org/bulma-iconpicker/-/bulma-iconpicker-2.1.0.tgz",
      "integrity": "sha512-E/GIISRnezXoZ+WN1s3sPkFYDfwJcpAq3WMCXtzoZ+zkMyufELJWE6dJBXekMCL+GfQx2T7RjeeqeJAypQUDmg==",
      "dev": true
    },
    "bulma-pageloader": {
      "version": "2.1.0",
      "resolved": "https://registry.npmjs.org/bulma-pageloader/-/bulma-pageloader-2.1.0.tgz",
      "integrity": "sha512-yI1SBxeGfj57BYtN8tIcvaGlfQgxylPwHHaDNSYLhF+1EVwUjWz97Ufga+8VOv9PZuhhnD05rb8nZ+p0isWw9A==",
      "dev": true
    },
    "bulma-pricingtable": {
      "version": "0.2.0",
      "resolved": "https://registry.npmjs.org/bulma-pricingtable/-/bulma-pricingtable-0.2.0.tgz",
      "integrity": "sha512-4feDoGG5kxfzYNo+eplIbofEerO2FjwJgWoTdM1K8frU1eMHzd2Beh0Jo+18Q0N/83l+YxZydxw/xPijbCOsdQ==",
      "dev": true
    },
    "bulma-quickview": {
      "version": "2.0.0",
      "resolved": "https://registry.npmjs.org/bulma-quickview/-/bulma-quickview-2.0.0.tgz",
      "integrity": "sha512-EJq9XYcJ+pG94FIYgw9AI2NoRDRjQX/Iua0H3iIJq4C3D+4sVOCg/Y+I7gd/G0v7fez/qvKX/S+91UZqaTmXSQ==",
      "dev": true
    },
    "bulma-ribbon": {
      "version": "0.1.1",
      "resolved": "https://registry.npmjs.org/bulma-ribbon/-/bulma-ribbon-0.1.1.tgz",
      "integrity": "sha512-yHokifKitsA0inChEMSC5BQMtiRBzwqATzZDjFk+eIxXYxhGFQ1otfQH024YkLlzDlzyg2VK0q+/cn9Uvr+MIw==",
      "dev": true
    },
    "bulma-slider": {
      "version": "2.0.0",
      "resolved": "https://registry.npmjs.org/bulma-slider/-/bulma-slider-2.0.0.tgz",
      "integrity": "sha512-lXKMA/U43Fi1UnMkVYdNuEu0cGLo4JSWFUcnEyzNXkdpmDFic+d8H9oiaRoLbPiuGTC5SNoHMCP24T5544gnlQ==",
      "dev": true
    },
    "bulma-steps": {
      "version": "2.2.1",
      "resolved": "https://registry.npmjs.org/bulma-steps/-/bulma-steps-2.2.1.tgz",
      "integrity": "sha512-fD50xz49zPVAfsRNcwBR7rd1lgNdKrcsIXAfVMwMH9A6iDhauOTkiEJOxXj4xZuW/CI6JpV+fCgj5uIuN1lP3Q==",
      "dev": true
    },
    "bulma-switch": {
      "version": "2.0.0",
      "resolved": "https://registry.npmjs.org/bulma-switch/-/bulma-switch-2.0.0.tgz",
      "integrity": "sha512-myD38zeUfjmdduq+pXabhJEe3x2hQP48l/OI+Y0fO3HdDynZUY/VJygucvEAJKRjr4HxD5DnEm4yx+oDOBXpAA==",
      "dev": true
    },
    "bulma-tagsinput": {
      "version": "2.0.0",
      "resolved": "https://registry.npmjs.org/bulma-tagsinput/-/bulma-tagsinput-2.0.0.tgz",
      "integrity": "sha512-BFvd0oaxgeWHOEh3d4cgETy5vpSSjRRBA9w+8TWEuhjFQg38Rb+3vjDCavL+udpdjf+dRV0SK5T4kYCXTOrz5A==",
      "dev": true
    },
    "bulma-timeline": {
      "version": "3.0.4",
      "resolved": "https://registry.npmjs.org/bulma-timeline/-/bulma-timeline-3.0.4.tgz",
      "integrity": "sha512-gCUOcSUuzHoeVMkCpLF49j5Z5yl78XQ+KgJcT+1ju5WIGgBgVytRUob/dw5NHAxPLO2rmcvwYNbCJFp7w4WT4Q==",
      "dev": true
    },
    "bulma-tooltip": {
      "version": "3.0.2",
      "resolved": "https://registry.npmjs.org/bulma-tooltip/-/bulma-tooltip-3.0.2.tgz",
      "integrity": "sha512-CsT3APjhlZScskFg38n8HYL8oYNUHQtcu4sz6ERarxkUpBRbk9v0h/5KAvXeKapVSn2dp9l7bOGit5SECP8EWQ==",
      "dev": true
    },
    "date-and-time": {
      "version": "0.6.3",
      "resolved": "https://registry.npmjs.org/date-and-time/-/date-and-time-0.6.3.tgz",
      "integrity": "sha512-lcWy3AXDRJOD7MplwZMmNSRM//kZtJaLz4n6D1P5z9wEmZGBKhJRBIr1Xs9KNQJmdXPblvgffynYji4iylUTcA==",
      "dev": true
    },
    "date-fns": {
      "version": "1.30.1",
      "resolved": "https://registry.npmjs.org/date-fns/-/date-fns-1.30.1.tgz",
      "integrity": "sha512-hBSVCvSmWC+QypYObzwGOd9wqdDpOt+0wl0KbU+R+uuZBS1jN8VsD1ss3irQDknRj5NvxiTF6oj/nDRnN/UQNw==",
      "dev": true
    }
  }
}
